// !$*UTF8*$!
{
	archiveVersion = 1;
	classes = {
	};
	objectVersion = 46;
	objects = {

/* Begin PBXBuildFile section */
		573E7A2C1EB9DC1200215A38 /* main.m in Sources */ = {isa = PBXBuildFile; fileRef = 573E7A2B1EB9DC1200215A38 /* main.m */; };
		573E7A2F1EB9DC1200215A38 /* AppDelegate.m in Sources */ = {isa = PBXBuildFile; fileRef = 573E7A2E1EB9DC1200215A38 /* AppDelegate.m */; };
		573E7A321EB9DC1200215A38 /* ViewController.m in Sources */ = {isa = PBXBuildFile; fileRef = 573E7A311EB9DC1200215A38 /* ViewController.m */; };
		573E7A351EB9DC1200215A38 /* Main.storyboard in Resources */ = {isa = PBXBuildFile; fileRef = 573E7A331EB9DC1200215A38 /* Main.storyboard */; };
		573E7A371EB9DC1200215A38 /* Assets.xcassets in Resources */ = {isa = PBXBuildFile; fileRef = 573E7A361EB9DC1200215A38 /* Assets.xcassets */; };
		573E7A3A1EB9DC1200215A38 /* LaunchScreen.storyboard in Resources */ = {isa = PBXBuildFile; fileRef = 573E7A381EB9DC1200215A38 /* LaunchScreen.storyboard */; };
		573E7A441EB9DC7F00215A38 /* 轮播Demo.html in Resources */ = {isa = PBXBuildFile; fileRef = 573E7A411EB9DC7F00215A38 /* 轮播Demo.html */; };
		573E7A451EB9DC7F00215A38 /* swiper.min.css in Resources */ = {isa = PBXBuildFile; fileRef = 573E7A421EB9DC7F00215A38 /* swiper.min.css */; };
		573E7A461EB9DC7F00215A38 /* swiper.min.js in Resources */ = {isa = PBXBuildFile; fileRef = 573E7A431EB9DC7F00215A38 /* swiper.min.js */; };
		573E7A501EB9DC9F00215A38 /* WebViewJavascriptBridge_JS.m in Sources */ = {isa = PBXBuildFile; fileRef = 573E7A491EB9DC9F00215A38 /* WebViewJavascriptBridge_JS.m */; };
		573E7A511EB9DC9F00215A38 /* WebViewJavascriptBridge.m in Sources */ = {isa = PBXBuildFile; fileRef = 573E7A4B1EB9DC9F00215A38 /* WebViewJavascriptBridge.m */; };
		573E7A521EB9DC9F00215A38 /* WebViewJavascriptBridgeBase.m in Sources */ = {isa = PBXBuildFile; fileRef = 573E7A4D1EB9DC9F00215A38 /* WebViewJavascriptBridgeBase.m */; };
		573E7A531EB9DC9F00215A38 /* WKWebViewJavascriptBridge.m in Sources */ = {isa = PBXBuildFile; fileRef = 573E7A4F1EB9DC9F00215A38 /* WKWebViewJavascriptBridge.m */; };
		573E7A571EB9DDDC00215A38 /* 1.jpg in Resources */ = {isa = PBXBuildFile; fileRef = 573E7A541EB9DDDC00215A38 /* 1.jpg */; };
		573E7A581EB9DDDC00215A38 /* 2.jpg in Resources */ = {isa = PBXBuildFile; fileRef = 573E7A551EB9DDDC00215A38 /* 2.jpg */; };
		573E7A591EB9DDDC00215A38 /* 3.jpg in Resources */ = {isa = PBXBuildFile; fileRef = 573E7A561EB9DDDC00215A38 /* 3.jpg */; };
/* End PBXBuildFile section */

/* Begin PBXFileReference section */
		573E7A271EB9DC1200215A38 /* 轮播Demo.app */ = {isa = PBXFileReference; explicitFileType = wrapper.application; includeInIndex = 0; path = "轮播Demo.app"; sourceTree = BUILT_PRODUCTS_DIR; };
		573E7A2B1EB9DC1200215A38 /* main.m */ = {isa = PBXFileReference; lastKnownFileType = sourcecode.c.objc; path = main.m; sourceTree = "<group>"; };
		573E7A2D1EB9DC1200215A38 /* AppDelegate.h */ = {isa = PBXFileReference; lastKnownFileType = sourcecode.c.h; path = AppDelegate.h; sourceTree = "<group>"; };
		573E7A2E1EB9DC1200215A38 /* AppDelegate.m */ = {isa = PBXFileReference; lastKnownFileType = sourcecode.c.objc; path = AppDelegate.m; sourceTree = "<group>"; };
		573E7A301EB9DC1200215A38 /* ViewController.h */ = {isa = PBXFileReference; lastKnownFileType = sourcecode.c.h; path = ViewController.h; sourceTree = "<group>"; };
		573E7A311EB9DC1200215A38 /* ViewController.m */ = {isa = PBXFileReference; lastKnownFileType = sourcecode.c.objc; path = ViewController.m; sourceTree = "<group>"; };
		573E7A341EB9DC1200215A38 /* Base */ = {isa = PBXFileReference; lastKnownFileType = file.storyboard; name = Base; path = Base.lproj/Main.storyboard; sourceTree = "<group>"; };
		573E7A361EB9DC1200215A38 /* Assets.xcassets */ = {isa = PBXFileReference; lastKnownFileType = folder.assetcatalog; path = Assets.xcassets; sourceTree = "<group>"; };
		573E7A391EB9DC1200215A38 /* Base */ = {isa = PBXFileReference; lastKnownFileType = file.storyboard; name = Base; path = Base.lproj/LaunchScreen.storyboard; sourceTree = "<group>"; };
		573E7A3B1EB9DC1200215A38 /* Info.plist */ = {isa = PBXFileReference; lastKnownFileType = text.plist.xml; path = Info.plist; sourceTree = "<group>"; };
		573E7A411EB9DC7F00215A38 /* 轮播Demo.html */ = {isa = PBXFileReference; fileEncoding = 4; lastKnownFileType = text.html; path = "轮播Demo.html"; sourceTree = "<group>"; };
		573E7A421EB9DC7F00215A38 /* swiper.min.css */ = {isa = PBXFileReference; fileEncoding = 4; lastKnownFileType = text.css; path = swiper.min.css; sourceTree = "<group>"; };
		573E7A431EB9DC7F00215A38 /* swiper.min.js */ = {isa = PBXFileReference; fileEncoding = 4; lastKnownFileType = sourcecode.javascript; path = swiper.min.js; sourceTree = "<group>"; };
		573E7A481EB9DC9F00215A38 /* WebViewJavascriptBridge_JS.h */ = {isa = PBXFileReference; fileEncoding = 4; lastKnownFileType = sourcecode.c.h; name = WebViewJavascriptBridge_JS.h; path = WebViewJavascriptBridge/WebViewJavascriptBridge_JS.h; sourceTree = "<group>"; };
		573E7A491EB9DC9F00215A38 /* WebViewJavascriptBridge_JS.m */ = {isa = PBXFileReference; fileEncoding = 4; lastKnownFileType = sourcecode.c.objc; name = WebViewJavascriptBridge_JS.m; path = WebViewJavascriptBridge/WebViewJavascriptBridge_JS.m; sourceTree = "<group>"; };
		573E7A4A1EB9DC9F00215A38 /* WebViewJavascriptBridge.h */ = {isa = PBXFileReference; fileEncoding = 4; lastKnownFileType = sourcecode.c.h; name = WebViewJavascriptBridge.h; path = WebViewJavascriptBridge/WebViewJavascriptBridge.h; sourceTree = "<group>"; };
		573E7A4B1EB9DC9F00215A38 /* WebViewJavascriptBridge.m */ = {isa = PBXFileReference; fileEncoding = 4; lastKnownFileType = sourcecode.c.objc; name = WebViewJavascriptBridge.m; path = WebViewJavascriptBridge/WebViewJavascriptBridge.m; sourceTree = "<group>"; };
		573E7A4C1EB9DC9F00215A38 /* WebViewJavascriptBridgeBase.h */ = {isa = PBXFileReference; fileEncoding = 4; lastKnownFileType = sourcecode.c.h; name = WebViewJavascriptBridgeBase.h; path = WebViewJavascriptBridge/WebViewJavascriptBridgeBase.h; sourceTree = "<group>"; };
		573E7A4D1EB9DC9F00215A38 /* WebViewJavascriptBridgeBase.m */ = {isa = PBXFileReference; fileEncoding = 4; lastKnownFileType = sourcecode.c.objc; name = WebViewJavascriptBridgeBase.m; path = WebViewJavascriptBridge/WebViewJavascriptBridgeBase.m; sourceTree = "<group>"; };
		573E7A4E1EB9DC9F00215A38 /* WKWebViewJavascriptBridge.h */ = {isa = PBXFileReference; fileEncoding = 4; lastKnownFileType = sourcecode.c.h; name = WKWebViewJavascriptBridge.h; path = WebViewJavascriptBridge/WKWebViewJavascriptBridge.h; sourceTree = "<group>"; };
		573E7A4F1EB9DC9F00215A38 /* WKWebViewJavascriptBridge.m */ = {isa = PBXFileReference; fileEncoding = 4; lastKnownFileType = sourcecode.c.objc; name = WKWebViewJavascriptBridge.m; path = WebViewJavascriptBridge/WKWebViewJavascriptBridge.m; sourceTree = "<group>"; };
		573E7A541EB9DDDC00215A38 /* 1.jpg */ = {isa = PBXFileReference; lastKnownFileType = image.jpeg; path = 1.jpg; sourceTree = "<group>"; };
		573E7A551EB9DDDC00215A38 /* 2.jpg */ = {isa = PBXFileReference; lastKnownFileType = image.jpeg; path = 2.jpg; sourceTree = "<group>"; };
		573E7A561EB9DDDC00215A38 /* 3.jpg */ = {isa = PBXFileReference; lastKnownFileType = image.jpeg; path = 3.jpg; sourceTree = "<group>"; };
/* End PBXFileReference section */

/* Begin PBXFrameworksBuildPhase section */
		573E7A241EB9DC1200215A38 /* Frameworks */ = {
			isa = PBXFrameworksBuildPhase;
			buildActionMask = 2147483647;
			files = (
			);
			runOnlyForDeploymentPostprocessing = 0;
		};
/* End PBXFrameworksBuildPhase section */

/* Begin PBXGroup section */
		573E7A1E1EB9DC1200215A38 = {
			isa = PBXGroup;
			children = (
				573E7A291EB9DC1200215A38 /* 轮播Demo */,
				573E7A281EB9DC1200215A38 /* Products */,
			);
			sourceTree = "<group>";
		};
		573E7A281EB9DC1200215A38 /* Products */ = {
			isa = PBXGroup;
			children = (
				573E7A271EB9DC1200215A38 /* 轮播Demo.app */,
			);
			name = Products;
			sourceTree = "<group>";
		};
		573E7A291EB9DC1200215A38 /* 轮播Demo */ = {
			isa = PBXGroup;
			children = (
				573E7A541EB9DDDC00215A38 /* 1.jpg */,
				573E7A551EB9DDDC00215A38 /* 2.jpg */,
				573E7A561EB9DDDC00215A38 /* 3.jpg */,
				573E7A471EB9DC9400215A38 /* WebViewJavascriptBridge */,
				573E7A411EB9DC7F00215A38 /* 轮播Demo.html */,
				573E7A421EB9DC7F00215A38 /* swiper.min.css */,
				573E7A431EB9DC7F00215A38 /* swiper.min.js */,
				573E7A2D1EB9DC1200215A38 /* AppDelegate.h */,
				573E7A2E1EB9DC1200215A38 /* AppDelegate.m */,
				573E7A301EB9DC1200215A38 /* ViewController.h */,
				573E7A311EB9DC1200215A38 /* ViewController.m */,
				573E7A331EB9DC1200215A38 /* Main.storyboard */,
				573E7A361EB9DC1200215A38 /* Assets.xcassets */,
				573E7A381EB9DC1200215A38 /* LaunchScreen.storyboard */,
				573E7A3B1EB9DC1200215A38 /* Info.plist */,
				573E7A2A1EB9DC1200215A38 /* Supporting Files */,
			);
			path = "轮播Demo";
			sourceTree = "<group>";
		};
		573E7A2A1EB9DC1200215A38 /* Supporting Files */ = {
			isa = PBXGroup;
			children = (
				573E7A2B1EB9DC1200215A38 /* main.m */,
			);
			name = "Supporting Files";
			sourceTree = "<group>";
		};
		573E7A471EB9DC9400215A38 /* WebViewJavascriptBridge */ = {
			isa = PBXGroup;
			children = (
				573E7A481EB9DC9F00215A38 /* WebViewJavascriptBridge_JS.h */,
				573E7A491EB9DC9F00215A38 /* WebViewJavascriptBridge_JS.m */,
				573E7A4A1EB9DC9F00215A38 /* WebViewJavascriptBridge.h */,
				573E7A4B1EB9DC9F00215A38 /* WebViewJavascriptBridge.m */,
				573E7A4C1EB9DC9F00215A38 /* WebViewJavascriptBridgeBase.h */,
				573E7A4D1EB9DC9F00215A38 /* WebViewJavascriptBridgeBase.m */,
				573E7A4E1EB9DC9F00215A38 /* WKWebViewJavascriptBridge.h */,
				573E7A4F1EB9DC9F00215A38 /* WKWebViewJavascriptBridge.m */,
			);
			name = WebViewJavascriptBridge;
			sourceTree = "<group>";
		};
/* End PBXGroup section */

/* Begin PBXNativeTarget section */
		573E7A261EB9DC1200215A38 /* 轮播Demo */ = {
			isa = PBXNativeTarget;
			buildConfigurationList = 573E7A3E1EB9DC1200215A38 /* Build configuration list for PBXNativeTarget "轮播Demo" */;
			buildPhases = (
				573E7A231EB9DC1200215A38 /* Sources */,
				573E7A241EB9DC1200215A38 /* Frameworks */,
				573E7A251EB9DC1200215A38 /* Resources */,
			);
			buildRules = (
			);
			dependencies = (
			);
			name = "轮播Demo";
			productName = "轮播Demo";
			productReference = 573E7A271EB9DC1200215A38 /* 轮播Demo.app */;
			productType = "com.apple.product-type.application";
		};
/* End PBXNativeTarget section */

/* Begin PBXProject section */
		573E7A1F1EB9DC1200215A38 /* Project object */ = {
			isa = PBXProject;
			attributes = {
				LastUpgradeCheck = 0830;
				ORGANIZATIONNAME = "神SKY";
				TargetAttributes = {
					573E7A261EB9DC1200215A38 = {
						CreatedOnToolsVersion = 8.3.2;
						ProvisioningStyle = Automatic;
					};
				};
			};
			buildConfigurationList = 573E7A221EB9DC1200215A38 /* Build configuration list for PBXProject "轮播Demo" */;
			compatibilityVersion = "Xcode 3.2";
			developmentRegion = English;
			hasScannedForEncodings = 0;
			knownRegions = (
				en,
				Base,
			);
			mainGroup = 573E7A1E1EB9DC1200215A38;
			productRefGroup = 573E7A281EB9DC1200215A38 /* Products */;
			projectDirPath = "";
			projectRoot = "";
			targets = (
				573E7A261EB9DC1200215A38 /* 轮播Demo */,
			);
		};
/* End PBXProject section */

/* Begin PBXResourcesBuildPhase section */
		573E7A251EB9DC1200215A38 /* Resources */ = {
			isa = PBXResourcesBuildPhase;
			buildActionMask = 2147483647;
			files = (
				573E7A591EB9DDDC00215A38 /* 3.jpg in Resources */,
				573E7A3A1EB9DC1200215A38 /* LaunchScreen.storyboard in Resources */,
				573E7A371EB9DC1200215A38 /* Assets.xcassets in Resources */,
				573E7A461EB9DC7F00215A38 /* swiper.min.js in Resources */,
				573E7A451EB9DC7F00215A38 /* swiper.min.css in Resources */,
				573E7A441EB9DC7F00215A38 /* 轮播Demo.html in Resources */,
				573E7A351EB9DC1200215A38 /* Main.storyboard in Resources */,
				573E7A581EB9DDDC00215A38 /* 2.jpg in Resources */,
				573E7A571EB9DDDC00215A38 /* 1.jpg in Resources */,
			);
			runOnlyForDeploymentPostprocessing = 0;
		};
/* End PBXResourcesBuildPhase section */

/* Begin PBXSourcesBuildPhase section */
		573E7A231EB9DC1200215A38 /* Sources */ = {
			isa = PBXSourcesBuildPhase;
			buildActionMask = 2147483647;
			files = (
				573E7A501EB9DC9F00215A38 /* WebViewJavascriptBridge_JS.m in Sources */,
				573E7A321EB9DC1200215A38 /* ViewController.m in Sources */,
				573E7A2F1EB9DC1200215A38 /* AppDelegate.m in Sources */,
				573E7A2C1EB9DC1200215A38 /* main.m in Sources */,
				573E7A521EB9DC9F00215A38 /* WebViewJavascriptBridgeBase.m in Sources */,
				573E7A511EB9DC9F00215A38 /* WebViewJavascriptBridge.m in Sources */,
				573E7A531EB9DC9F00215A38 /* WKWebViewJavascriptBridge.m in Sources */,
			);
			runOnlyForDeploymentPostprocessing = 0;
		};
/* End PBXSourcesBuildPhase section */

/* Begin PBXVariantGroup section */
		573E7A331EB9DC1200215A38 /* Main.storyboard */ = {
			isa = PBXVariantGroup;
			children = (
				573E7A341EB9DC1200215A38 /* Base */,
			);
			name = Main.storyboard;
			sourceTree = "<group>";
		};
		573E7A381EB9DC1200215A38 /* LaunchScreen.storyboard */ = {
			isa = PBXVariantGroup;
			children = (
				573E7A391EB9DC1200215A38 /* Base */,
			);
			name = LaunchScreen.storyboard;
			sourceTree = "<group>";
		};
/* End PBXVariantGroup section */

/* Begin XCBuildConfiguration section */
		573E7A3C1EB9DC1200215A38 /* Debug */ = {
			isa = XCBuildConfiguration;
			buildSettings = {
				ALWAYS_SEARCH_USER_PATHS = NO;
				CLANG_ANALYZER_NONNULL = YES;
				CLANG_ANALYZER_NUMBER_OBJECT_CONVERSION = YES_AGGRESSIVE;
				CLANG_CXX_LANGUAGE_STANDARD = "gnu++0x";
				CLANG_CXX_LIBRARY = "libc++";
				CLANG_ENABLE_MODULES = YES;
				CLANG_ENABLE_OBJC_ARC = YES;
				CLANG_WARN_BOOL_CONVERSION = YES;
				CLANG_WARN_CONSTANT_CONVERSION = YES;
				CLANG_WARN_DIRECT_OBJC_ISA_USAGE = YES_ERROR;
				CLANG_WARN_DOCUMENTATION_COMMENTS = YES;
				CLANG_WARN_EMPTY_BODY = YES;
				CLANG_WARN_ENUM_CONVERSION = YES;
				CLANG_WARN_INFINITE_RECURSION = YES;
				CLANG_WARN_INT_CONVERSION = YES;
				CLANG_WARN_OBJC_ROOT_CLASS = YES_ERROR;
				CLANG_WARN_SUSPICIOUS_MOVE = YES;
				CLANG_WARN_UNREACHABLE_CODE = YES;
				CLANG_WARN__DUPLICATE_METHOD_MATCH = YES;
				"CODE_SIGN_IDENTITY[sdk=iphoneos*]" = "iPhone Developer";
				COPY_PHASE_STRIP = NO;
				DEBUG_INFORMATION_FORMAT = dwarf;
				ENABLE_STRICT_OBJC_MSGSEND = YES;
				ENABLE_TESTABILITY = YES;
				GCC_C_LANGUAGE_STANDARD = gnu99;
				GCC_DYNAMIC_NO_PIC = NO;
				GCC_NO_COMMON_BLOCKS = YES;
				GCC_OPTIMIZATION_LEVEL = 0;
				GCC_PREPROCESSOR_DEFINITIONS = (
					"DEBUG=1",
					"$(inherited)",
				);
				GCC_WARN_64_TO_32_BIT_CONVERSION = YES;
				GCC_WARN_ABOUT_RETURN_TYPE = YES_ERROR;
				GCC_WARN_UNDECLARED_SELECTOR = YES;
				GCC_WARN_UNINITIALIZED_AUTOS = YES_AGGRESSIVE;
				GCC_WARN_UNUSED_FUNCTION = YES;
				GCC_WARN_UNUSED_VARIABLE = YES;
				IPHONEOS_DEPLOYMENT_TARGET = 10.3;
				MTL_ENABLE_DEBUG_INFO = YES;
				ONLY_ACTIVE_ARCH = YES;
				SDKROOT = iphoneos;
				TARGETED_DEVICE_FAMILY = "1,2";
			};
			name = Debug;
		};
		573E7A3D1EB9DC1200215A38 /* Release */ = {
			isa = XCBuildConfiguration;
			buildSettings = {
				ALWAYS_SEARCH_USER_PATHS = NO;
				CLANG_ANALYZER_NONNULL = YES;
				CLANG_ANALYZER_NUMBER_OBJECT_CONVERSION = YES_AGGRESSIVE;
				CLANG_CXX_LANGUAGE_STANDARD = "gnu++0x";
				CLANG_CXX_LIBRARY = "libc++";
				CLANG_ENABLE_MODULES = YES;
				CLANG_ENABLE_OBJC_ARC = YES;
				CLANG_WARN_BOOL_CONVERSION = YES;
				CLANG_WARN_CONSTANT_CONVERSION = YES;
				CLANG_WARN_DIRECT_OBJC_ISA_USAGE = YES_ERROR;
				CLANG_WARN_DOCUMENTATION_COMMENTS = YES;
				CLANG_WARN_EMPTY_BODY = YES;
				CLANG_WARN_ENUM_CONVERSION = YES;
				CLANG_WARN_INFINITE_RECURSION = YES;
				CLANG_WARN_INT_CONVERSION = YES;
				CLANG_WARN_OBJC_ROOT_CLASS = YES_ERROR;
				CLANG_WARN_SUSPICIOUS_MOVE = YES;
				CLANG_WARN_UNREACHABLE_CODE = YES;
				CLANG_WARN__DUPLICATE_METHOD_MATCH = YES;
				"CODE_SIGN_IDENTITY[sdk=iphoneos*]" = "iPhone Developer";
				COPY_PHASE_STRIP = NO;
				DEBUG_INFORMATION_FORMAT = "dwarf-with-dsym";
				ENABLE_NS_ASSERTIONS = NO;
				ENABLE_STRICT_OBJC_MSGSEND = YES;
				GCC_C_LANGUAGE_STANDARD = gnu99;
				GCC_NO_COMMON_BLOCKS = YES;
				GCC_WARN_64_TO_32_BIT_CONVERSION = YES;
				GCC_WARN_ABOUT_RETURN_TYPE = YES_ERROR;
				GCC_WARN_UNDECLARED_SELECTOR = YES;
				GCC_WARN_UNINITIALIZED_AUTOS = YES_AGGRESSIVE;
				GCC_WARN_UNUSED_FUNCTION = YES;
				GCC_WARN_UNUSED_VARIABLE = YES;
				IPHONEOS_DEPLOYMENT_TARGET = 10.3;
				MTL_ENABLE_DEBUG_INFO = NO;
				SDKROOT = iphoneos;
				TARGETED_DEVICE_FAMILY = "1,2";
				VALIDATE_PRODUCT = YES;
			};
			name = Release;
		};
		573E7A3F1EB9DC1200215A38 /* Debug */ = {
			isa = XCBuildConfiguration;
			buildSettings = {
				ASSETCATALOG_COMPILER_APPICON_NAME = AppIcon;
				INFOPLIST_FILE = "轮播Demo/Info.plist";
				LD_RUNPATH_SEARCH_PATHS = "$(inherited) @executable_path/Frameworks";
				PRODUCT_BUNDLE_IDENTIFIER = "com.higolbal.--Demo";
				PRODUCT_NAME = "$(TARGET_NAME)";
			};
			name = Debug;
		};
		573E7A401EB9DC1200215A38 /* Release */ = {
			isa = XCBuildConfiguration;
			buildSettings = {
				ASSETCATALOG_COMPILER_APPICON_NAME = AppIcon;
				INFOPLIST_FILE = "轮播Demo/Info.plist";
				LD_RUNPATH_SEARCH_PATHS = "$(inherited) @executable_path/Frameworks";
				PRODUCT_BUNDLE_IDENTIFIER = "com.higolbal.--Demo";
				PRODUCT_NAME = "$(TARGET_NAME)";
			};
			name = Release;
		};
/* End XCBuildConfiguration section */

/* Begin XCConfigurationList section */
		573E7A221EB9DC1200215A38 /* Build configuration list for PBXProject "轮播Demo" */ = {
			isa = XCConfigurationList;
			buildConfigurations = (
				573E7A3C1EB9DC1200215A38 /* Debug */,
				573E7A3D1EB9DC1200215A38 /* Release */,
			);
			defaultConfigurationIsVisible = 0;
			defaultConfigurationName = Release;
		};
		573E7A3E1EB9DC1200215A38 /* Build configuration list for PBXNativeTarget "轮播Demo" */ = {
			isa = XCConfigurationList;
			buildConfigurations = (
				573E7A3F1EB9DC1200215A38 /* Debug */,
				573E7A401EB9DC1200215A38 /* Release */,
			);
			defaultConfigurationIsVisible = 0;
		};
/* End XCConfigurationList section */
	};
	rootObject = 573E7A1F1EB9DC1200215A38 /* Project object */;
}
